
Microsoft Visual Studio Solution File, Format Version 12.00
# Visual Studio 2013
VisualStudioVersion = 12.0.40629.0
MinimumVisualStudioVersion = 10.0.40219.1
Project("{FAE04EC0-301F-11D3-BF4B-00C04F79EFBC}") = "DapperProblem", "DapperProblem\DapperProblem.csproj", "{3B0407CB-65CC-4C7F-ACF8-13912C9F6655}"
EndProject
Global
	GlobalSection(SolutionConfigurationPlatforms) = preSolution
		Debug|Any CPU = Debug|Any CPU
		Release|Any CPU = Release|Any CPU
	EndGlobalSection
	GlobalSection(ProjectConfigurationPlatforms) = postSolution
		{3B0407CB-65CC-4C7F-ACF8-13912C9F6655}.Debug|Any CPU.ActiveCfg = Debug|Any CPU
		{3B0407CB-65CC-4C7F-ACF8-13912C9F6655}.Debug|Any CPU.Build.0 = Debug|Any CPU
		{3B0407CB-65CC-4C7F-ACF8-13912C9F6655}.Release|Any CPU.ActiveCfg = Release|Any CPU
		{3B0407CB-65CC-4C7F-ACF8-13912C9F6655}.Release|Any CPU.Build.0 = Release|Any CPU
	EndGlobalSection
	GlobalSection(SolutionProperties) = preSolution
		HideSolutionNode = FALSE
	EndGlobalSection
EndGlobal
